// !$*UTF8*$!
{
	archiveVersion = 1;
	classes = {
	};
	objectVersion = 46;
	objects = {

/* Begin PBXBuildFile section */
		07780D4D1E6D860E00BC3630 /* AppDelegate.swift in Sources */ = {isa = PBXBuildFile; fileRef = 07780D4C1E6D860E00BC3630 /* AppDelegate.swift */; };
		07780D4F1E6D860E00BC3630 /* MovieViewController.swift in Sources */ = {isa = PBXBuildFile; fileRef = 07780D4E1E6D860E00BC3630 /* MovieViewController.swift */; };
		07780D521E6D860E00BC3630 /* Main.storyboard in Resources */ = {isa = PBXBuildFile; fileRef = 07780D501E6D860E00BC3630 /* Main.storyboard */; };
		07780D541E6D860E00BC3630 /* Assets.xcassets in Resources */ = {isa = PBXBuildFile; fileRef = 07780D531E6D860E00BC3630 /* Assets.xcassets */; };
		07780D571E6D860E00BC3630 /* LaunchScreen.storyboard in Resources */ = {isa = PBXBuildFile; fileRef = 07780D551E6D860E00BC3630 /* LaunchScreen.storyboard */; };
		ACBDE46E206C4EA700E43222 /* movies.json in Resources */ = {isa = PBXBuildFile; fileRef = ACBDE46D206C4EA700E43222 /* movies.json */; };
		ACBDE470206C4EFB00E43222 /* Movie.swift in Sources */ = {isa = PBXBuildFile; fileRef = ACBDE46F206C4EFB00E43222 /* Movie.swift */; };
		ACBDE472206C508500E43222 /* MoviesTableViewController.swift in Sources */ = {isa = PBXBuildFile; fileRef = ACBDE471206C508500E43222 /* MoviesTableViewController.swift */; };
		C6A9F212206C69470098C202 /* MovieTableViewCell.swift in Sources */ = {isa = PBXBuildFile; fileRef = C6A9F211206C69470098C202 /* MovieTableViewCell.swift */; };
		C6A9F22D206C6BD40098C202 /* batmanvsuperman-small.jpg in Resources */ = {isa = PBXBuildFile; fileRef = C6A9F213206C6BCF0098C202 /* batmanvsuperman-small.jpg */; };
		C6A9F22E206C6BD40098C202 /* sully-small.jpg in Resources */ = {isa = PBXBuildFile; fileRef = C6A9F214206C6BCF0098C202 /* sully-small.jpg */; };
		C6A9F22F206C6BD40098C202 /* civilwar-small.jpg in Resources */ = {isa = PBXBuildFile; fileRef = C6A9F215206C6BCF0098C202 /* civilwar-small.jpg */; };
		C6A9F230206C6BD40098C202 /* logan-small.jpg in Resources */ = {isa = PBXBuildFile; fileRef = C6A9F216206C6BCF0098C202 /* logan-small.jpg */; };
		C6A9F231206C6BD40098C202 /* doctorstrange-small.jpg in Resources */ = {isa = PBXBuildFile; fileRef = C6A9F217206C6BD00098C202 /* doctorstrange-small.jpg */; };
		C6A9F232206C6BD40098C202 /* deadpool-wide.jpg in Resources */ = {isa = PBXBuildFile; fileRef = C6A9F218206C6BD00098C202 /* deadpool-wide.jpg */; };
		C6A9F233206C6BD40098C202 /* civilwar-wide.jpg in Resources */ = {isa = PBXBuildFile; fileRef = C6A9F219206C6BD00098C202 /* civilwar-wide.jpg */; };
		C6A9F234206C6BD40098C202 /* legobatman-small.jpg in Resources */ = {isa = PBXBuildFile; fileRef = C6A9F21A206C6BD00098C202 /* legobatman-small.jpg */; };
		C6A9F235206C6BD40098C202 /* avengersultron-small.jpg in Resources */ = {isa = PBXBuildFile; fileRef = C6A9F21B206C6BD00098C202 /* avengersultron-small.jpg */; };
		C6A9F236206C6BD40098C202 /* arrival-small.jpg in Resources */ = {isa = PBXBuildFile; fileRef = C6A9F21C206C6BD00098C202 /* arrival-small.jpg */; };
		C6A9F237206C6BD40098C202 /* kongskull-small.jpg in Resources */ = {isa = PBXBuildFile; fileRef = C6A9F21D206C6BD10098C202 /* kongskull-small.jpg */; };
		C6A9F238206C6BD40098C202 /* madmax-small.jpg in Resources */ = {isa = PBXBuildFile; fileRef = C6A9F21E206C6BD10098C202 /* madmax-small.jpg */; };
		C6A9F239206C6BD40098C202 /* madmax-wide.jpg in Resources */ = {isa = PBXBuildFile; fileRef = C6A9F21F206C6BD10098C202 /* madmax-wide.jpg */; };
		C6A9F23A206C6BD40098C202 /* logan-wide.jpg in Resources */ = {isa = PBXBuildFile; fileRef = C6A9F220206C6BD10098C202 /* logan-wide.jpg */; };
		C6A9F23B206C6BD40098C202 /* suicidesquad-small.jpg in Resources */ = {isa = PBXBuildFile; fileRef = C6A9F221206C6BD10098C202 /* suicidesquad-small.jpg */; };
		C6A9F23C206C6BD40098C202 /* sully-wide.jpg in Resources */ = {isa = PBXBuildFile; fileRef = C6A9F222206C6BD20098C202 /* sully-wide.jpg */; };
		C6A9F23D206C6BD40098C202 /* doctorstrange-wide.jpg in Resources */ = {isa = PBXBuildFile; fileRef = C6A9F223206C6BD20098C202 /* doctorstrange-wide.jpg */; };
		C6A9F23E206C6BD40098C202 /* rogueone-wide.jpg in Resources */ = {isa = PBXBuildFile; fileRef = C6A9F224206C6BD20098C202 /* rogueone-wide.jpg */; };
		C6A9F23F206C6BD40098C202 /* deadpool-small.jpg in Resources */ = {isa = PBXBuildFile; fileRef = C6A9F225206C6BD20098C202 /* deadpool-small.jpg */; };
		C6A9F240206C6BD40098C202 /* legobatman-wide.jpg in Resources */ = {isa = PBXBuildFile; fileRef = C6A9F226206C6BD20098C202 /* legobatman-wide.jpg */; };
		C6A9F241206C6BD40098C202 /* rogueone-small.jpg in Resources */ = {isa = PBXBuildFile; fileRef = C6A9F227206C6BD30098C202 /* rogueone-small.jpg */; };
		C6A9F242206C6BD40098C202 /* arrival-wide.jpg in Resources */ = {isa = PBXBuildFile; fileRef = C6A9F228206C6BD30098C202 /* arrival-wide.jpg */; };
		C6A9F243206C6BD40098C202 /* suicidesquad-wide.jpg in Resources */ = {isa = PBXBuildFile; fileRef = C6A9F229206C6BD30098C202 /* suicidesquad-wide.jpg */; };
		C6A9F244206C6BD40098C202 /* kongskull-wide.jpg in Resources */ = {isa = PBXBuildFile; fileRef = C6A9F22A206C6BD30098C202 /* kongskull-wide.jpg */; };
		C6A9F245206C6BD40098C202 /* avengersultron-wide.jpg in Resources */ = {isa = PBXBuildFile; fileRef = C6A9F22B206C6BD40098C202 /* avengersultron-wide.jpg */; };
		C6A9F246206C6BD40098C202 /* batmanvsuperman-wide.jpg in Resources */ = {isa = PBXBuildFile; fileRef = C6A9F22C206C6BD40098C202 /* batmanvsuperman-wide.jpg */; };
/* End PBXBuildFile section */

/* Begin PBXFileReference section */
		07780D491E6D860E00BC3630 /* MoviesLib.app */ = {isa = PBXFileReference; explicitFileType = wrapper.application; includeInIndex = 0; path = MoviesLib.app; sourceTree = BUILT_PRODUCTS_DIR; };
		07780D4C1E6D860E00BC3630 /* AppDelegate.swift */ = {isa = PBXFileReference; lastKnownFileType = sourcecode.swift; path = AppDelegate.swift; sourceTree = "<group>"; };
		07780D4E1E6D860E00BC3630 /* MovieViewController.swift */ = {isa = PBXFileReference; lastKnownFileType = sourcecode.swift; path = MovieViewController.swift; sourceTree = "<group>"; };
		07780D511E6D860E00BC3630 /* Base */ = {isa = PBXFileReference; lastKnownFileType = file.storyboard; name = Base; path = Base.lproj/Main.storyboard; sourceTree = "<group>"; };
		07780D531E6D860E00BC3630 /* Assets.xcassets */ = {isa = PBXFileReference; lastKnownFileType = folder.assetcatalog; path = Assets.xcassets; sourceTree = "<group>"; };
		07780D561E6D860E00BC3630 /* Base */ = {isa = PBXFileReference; lastKnownFileType = file.storyboard; name = Base; path = Base.lproj/LaunchScreen.storyboard; sourceTree = "<group>"; };
		07780D581E6D860E00BC3630 /* Info.plist */ = {isa = PBXFileReference; lastKnownFileType = text.plist.xml; path = Info.plist; sourceTree = "<group>"; };
		ACBDE46D206C4EA700E43222 /* movies.json */ = {isa = PBXFileReference; fileEncoding = 4; lastKnownFileType = text.json; path = movies.json; sourceTree = "<group>"; };
		ACBDE46F206C4EFB00E43222 /* Movie.swift */ = {isa = PBXFileReference; lastKnownFileType = sourcecode.swift; path = Movie.swift; sourceTree = "<group>"; };
		ACBDE471206C508500E43222 /* MoviesTableViewController.swift */ = {isa = PBXFileReference; lastKnownFileType = sourcecode.swift; path = MoviesTableViewController.swift; sourceTree = "<group>"; };
		C6A9F211206C69470098C202 /* MovieTableViewCell.swift */ = {isa = PBXFileReference; lastKnownFileType = sourcecode.swift; path = MovieTableViewCell.swift; sourceTree = "<group>"; };
		C6A9F213206C6BCF0098C202 /* batmanvsuperman-small.jpg */ = {isa = PBXFileReference; lastKnownFileType = image.jpeg; path = "batmanvsuperman-small.jpg"; sourceTree = "<group>"; };
		C6A9F214206C6BCF0098C202 /* sully-small.jpg */ = {isa = PBXFileReference; lastKnownFileType = image.jpeg; path = "sully-small.jpg"; sourceTree = "<group>"; };
		C6A9F215206C6BCF0098C202 /* civilwar-small.jpg */ = {isa = PBXFileReference; lastKnownFileType = image.jpeg; path = "civilwar-small.jpg"; sourceTree = "<group>"; };
		C6A9F216206C6BCF0098C202 /* logan-small.jpg */ = {isa = PBXFileReference; lastKnownFileType = image.jpeg; path = "logan-small.jpg"; sourceTree = "<group>"; };
		C6A9F217206C6BD00098C202 /* doctorstrange-small.jpg */ = {isa = PBXFileReference; lastKnownFileType = image.jpeg; path = "doctorstrange-small.jpg"; sourceTree = "<group>"; };
		C6A9F218206C6BD00098C202 /* deadpool-wide.jpg */ = {isa = PBXFileReference; lastKnownFileType = image.jpeg; path = "deadpool-wide.jpg"; sourceTree = "<group>"; };
		C6A9F219206C6BD00098C202 /* civilwar-wide.jpg */ = {isa = PBXFileReference; lastKnownFileType = image.jpeg; path = "civilwar-wide.jpg"; sourceTree = "<group>"; };
		C6A9F21A206C6BD00098C202 /* legobatman-small.jpg */ = {isa = PBXFileReference; lastKnownFileType = image.jpeg; path = "legobatman-small.jpg"; sourceTree = "<group>"; };
		C6A9F21B206C6BD00098C202 /* avengersultron-small.jpg */ = {isa = PBXFileReference; lastKnownFileType = image.jpeg; path = "avengersultron-small.jpg"; sourceTree = "<group>"; };
		C6A9F21C206C6BD00098C202 /* arrival-small.jpg */ = {isa = PBXFileReference; lastKnownFileType = image.jpeg; path = "arrival-small.jpg"; sourceTree = "<group>"; };
		C6A9F21D206C6BD10098C202 /* kongskull-small.jpg */ = {isa = PBXFileReference; lastKnownFileType = image.jpeg; path = "kongskull-small.jpg"; sourceTree = "<group>"; };
		C6A9F21E206C6BD10098C202 /* madmax-small.jpg */ = {isa = PBXFileReference; lastKnownFileType = image.jpeg; path = "madmax-small.jpg"; sourceTree = "<group>"; };
		C6A9F21F206C6BD10098C202 /* madmax-wide.jpg */ = {isa = PBXFileReference; lastKnownFileType = image.jpeg; path = "madmax-wide.jpg"; sourceTree = "<group>"; };
		C6A9F220206C6BD10098C202 /* logan-wide.jpg */ = {isa = PBXFileReference; lastKnownFileType = image.jpeg; path = "logan-wide.jpg"; sourceTree = "<group>"; };
		C6A9F221206C6BD10098C202 /* suicidesquad-small.jpg */ = {isa = PBXFileReference; lastKnownFileType = image.jpeg; path = "suicidesquad-small.jpg"; sourceTree = "<group>"; };
		C6A9F222206C6BD20098C202 /* sully-wide.jpg */ = {isa = PBXFileReference; lastKnownFileType = image.jpeg; path = "sully-wide.jpg"; sourceTree = "<group>"; };
		C6A9F223206C6BD20098C202 /* doctorstrange-wide.jpg */ = {isa = PBXFileReference; lastKnownFileType = image.jpeg; path = "doctorstrange-wide.jpg"; sourceTree = "<group>"; };
		C6A9F224206C6BD20098C202 /* rogueone-wide.jpg */ = {isa = PBXFileReference; lastKnownFileType = image.jpeg; path = "rogueone-wide.jpg"; sourceTree = "<group>"; };
		C6A9F225206C6BD20098C202 /* deadpool-small.jpg */ = {isa = PBXFileReference; lastKnownFileType = image.jpeg; path = "deadpool-small.jpg"; sourceTree = "<group>"; };
		C6A9F226206C6BD20098C202 /* legobatman-wide.jpg */ = {isa = PBXFileReference; lastKnownFileType = image.jpeg; path = "legobatman-wide.jpg"; sourceTree = "<group>"; };
		C6A9F227206C6BD30098C202 /* rogueone-small.jpg */ = {isa = PBXFileReference; lastKnownFileType = image.jpeg; path = "rogueone-small.jpg"; sourceTree = "<group>"; };
		C6A9F228206C6BD30098C202 /* arrival-wide.jpg */ = {isa = PBXFileReference; lastKnownFileType = image.jpeg; path = "arrival-wide.jpg"; sourceTree = "<group>"; };
		C6A9F229206C6BD30098C202 /* suicidesquad-wide.jpg */ = {isa = PBXFileReference; lastKnownFileType = image.jpeg; path = "suicidesquad-wide.jpg"; sourceTree = "<group>"; };
		C6A9F22A206C6BD30098C202 /* kongskull-wide.jpg */ = {isa = PBXFileReference; lastKnownFileType = image.jpeg; path = "kongskull-wide.jpg"; sourceTree = "<group>"; };
		C6A9F22B206C6BD40098C202 /* avengersultron-wide.jpg */ = {isa = PBXFileReference; lastKnownFileType = image.jpeg; path = "avengersultron-wide.jpg"; sourceTree = "<group>"; };
		C6A9F22C206C6BD40098C202 /* batmanvsuperman-wide.jpg */ = {isa = PBXFileReference; lastKnownFileType = image.jpeg; path = "batmanvsuperman-wide.jpg"; sourceTree = "<group>"; };
/* End PBXFileReference section */

/* Begin PBXFrameworksBuildPhase section */
		07780D461E6D860E00BC3630 /* Frameworks */ = {
			isa = PBXFrameworksBuildPhase;
			buildActionMask = 2147483647;
			files = (
			);
			runOnlyForDeploymentPostprocessing = 0;
		};
/* End PBXFrameworksBuildPhase section */

/* Begin PBXGroup section */
		07780D401E6D860E00BC3630 = {
			isa = PBXGroup;
			children = (
				07780D4B1E6D860E00BC3630 /* MoviesLib */,
				07780D4A1E6D860E00BC3630 /* Products */,
			);
			sourceTree = "<group>";
		};
		07780D4A1E6D860E00BC3630 /* Products */ = {
			isa = PBXGroup;
			children = (
				07780D491E6D860E00BC3630 /* MoviesLib.app */,
			);
			name = Products;
			sourceTree = "<group>";
		};
		07780D4B1E6D860E00BC3630 /* MoviesLib */ = {
			isa = PBXGroup;
			children = (
				C6A9F247206C6BDE0098C202 /* Files */,
				ACBDE46D206C4EA700E43222 /* movies.json */,
				C6A9F211206C69470098C202 /* MovieTableViewCell.swift */,
				07780D4C1E6D860E00BC3630 /* AppDelegate.swift */,
				07780D4E1E6D860E00BC3630 /* MovieViewController.swift */,
				07780D501E6D860E00BC3630 /* Main.storyboard */,
				ACBDE471206C508500E43222 /* MoviesTableViewController.swift */,
				07780D531E6D860E00BC3630 /* Assets.xcassets */,
				07780D551E6D860E00BC3630 /* LaunchScreen.storyboard */,
				07780D581E6D860E00BC3630 /* Info.plist */,
				ACBDE46F206C4EFB00E43222 /* Movie.swift */,
			);
			path = MoviesLib;
			sourceTree = "<group>";
		};
		C6A9F247206C6BDE0098C202 /* Files */ = {
			isa = PBXGroup;
			children = (
				C6A9F21C206C6BD00098C202 /* arrival-small.jpg */,
				C6A9F228206C6BD30098C202 /* arrival-wide.jpg */,
				C6A9F21B206C6BD00098C202 /* avengersultron-small.jpg */,
				C6A9F22B206C6BD40098C202 /* avengersultron-wide.jpg */,
				C6A9F213206C6BCF0098C202 /* batmanvsuperman-small.jpg */,
				C6A9F22C206C6BD40098C202 /* batmanvsuperman-wide.jpg */,
				C6A9F215206C6BCF0098C202 /* civilwar-small.jpg */,
				C6A9F219206C6BD00098C202 /* civilwar-wide.jpg */,
				C6A9F225206C6BD20098C202 /* deadpool-small.jpg */,
				C6A9F218206C6BD00098C202 /* deadpool-wide.jpg */,
				C6A9F217206C6BD00098C202 /* doctorstrange-small.jpg */,
				C6A9F223206C6BD20098C202 /* doctorstrange-wide.jpg */,
				C6A9F21D206C6BD10098C202 /* kongskull-small.jpg */,
				C6A9F22A206C6BD30098C202 /* kongskull-wide.jpg */,
				C6A9F21A206C6BD00098C202 /* legobatman-small.jpg */,
				C6A9F226206C6BD20098C202 /* legobatman-wide.jpg */,
				C6A9F216206C6BCF0098C202 /* logan-small.jpg */,
				C6A9F220206C6BD10098C202 /* logan-wide.jpg */,
				C6A9F21E206C6BD10098C202 /* madmax-small.jpg */,
				C6A9F21F206C6BD10098C202 /* madmax-wide.jpg */,
				C6A9F227206C6BD30098C202 /* rogueone-small.jpg */,
				C6A9F224206C6BD20098C202 /* rogueone-wide.jpg */,
				C6A9F221206C6BD10098C202 /* suicidesquad-small.jpg */,
				C6A9F229206C6BD30098C202 /* suicidesquad-wide.jpg */,
				C6A9F214206C6BCF0098C202 /* sully-small.jpg */,
				C6A9F222206C6BD20098C202 /* sully-wide.jpg */,
			);
			path = Files;
			sourceTree = "<group>";
		};
/* End PBXGroup section */

/* Begin PBXNativeTarget section */
		07780D481E6D860E00BC3630 /* MoviesLib */ = {
			isa = PBXNativeTarget;
			buildConfigurationList = 07780D5B1E6D860E00BC3630 /* Build configuration list for PBXNativeTarget "MoviesLib" */;
			buildPhases = (
				07780D451E6D860E00BC3630 /* Sources */,
				07780D461E6D860E00BC3630 /* Frameworks */,
				07780D471E6D860E00BC3630 /* Resources */,
			);
			buildRules = (
			);
			dependencies = (
			);
			name = MoviesLib;
			productName = MoviesLib;
			productReference = 07780D491E6D860E00BC3630 /* MoviesLib.app */;
			productType = "com.apple.product-type.application";
		};
/* End PBXNativeTarget section */

/* Begin PBXProject section */
		07780D411E6D860E00BC3630 /* Project object */ = {
			isa = PBXProject;
			attributes = {
				LastSwiftUpdateCheck = 0820;
				LastUpgradeCheck = 0820;
				ORGANIZATIONNAME = EricBrito;
				TargetAttributes = {
					07780D481E6D860E00BC3630 = {
						CreatedOnToolsVersion = 8.2.1;
						DevelopmentTeam = 6HT8E7PD9B;
						ProvisioningStyle = Automatic;
					};
				};
			};
			buildConfigurationList = 07780D441E6D860E00BC3630 /* Build configuration list for PBXProject "MoviesLib" */;
			compatibilityVersion = "Xcode 3.2";
			developmentRegion = English;
			hasScannedForEncodings = 0;
			knownRegions = (
				en,
				Base,
			);
			mainGroup = 07780D401E6D860E00BC3630;
			productRefGroup = 07780D4A1E6D860E00BC3630 /* Products */;
			projectDirPath = "";
			projectRoot = "";
			targets = (
				07780D481E6D860E00BC3630 /* MoviesLib */,
			);
		};
/* End PBXProject section */

/* Begin PBXResourcesBuildPhase section */
		07780D471E6D860E00BC3630 /* Resources */ = {
			isa = PBXResourcesBuildPhase;
			buildActionMask = 2147483647;
			files = (
				C6A9F245206C6BD40098C202 /* avengersultron-wide.jpg in Resources */,
				C6A9F23E206C6BD40098C202 /* rogueone-wide.jpg in Resources */,
				C6A9F23C206C6BD40098C202 /* sully-wide.jpg in Resources */,
				C6A9F233206C6BD40098C202 /* civilwar-wide.jpg in Resources */,
				07780D571E6D860E00BC3630 /* LaunchScreen.storyboard in Resources */,
				C6A9F23D206C6BD40098C202 /* doctorstrange-wide.jpg in Resources */,
				C6A9F22D206C6BD40098C202 /* batmanvsuperman-small.jpg in Resources */,
				C6A9F243206C6BD40098C202 /* suicidesquad-wide.jpg in Resources */,
				C6A9F235206C6BD40098C202 /* avengersultron-small.jpg in Resources */,
				07780D541E6D860E00BC3630 /* Assets.xcassets in Resources */,
				C6A9F22E206C6BD40098C202 /* sully-small.jpg in Resources */,
				C6A9F22F206C6BD40098C202 /* civilwar-small.jpg in Resources */,
				C6A9F237206C6BD40098C202 /* kongskull-small.jpg in Resources */,
				C6A9F231206C6BD40098C202 /* doctorstrange-small.jpg in Resources */,
				C6A9F232206C6BD40098C202 /* deadpool-wide.jpg in Resources */,
				C6A9F246206C6BD40098C202 /* batmanvsuperman-wide.jpg in Resources */,
				C6A9F23B206C6BD40098C202 /* suicidesquad-small.jpg in Resources */,
				C6A9F23A206C6BD40098C202 /* logan-wide.jpg in Resources */,
				C6A9F241206C6BD40098C202 /* rogueone-small.jpg in Resources */,
				C6A9F244206C6BD40098C202 /* kongskull-wide.jpg in Resources */,
				C6A9F242206C6BD40098C202 /* arrival-wide.jpg in Resources */,
				C6A9F230206C6BD40098C202 /* logan-small.jpg in Resources */,
				ACBDE46E206C4EA700E43222 /* movies.json in Resources */,
				C6A9F236206C6BD40098C202 /* arrival-small.jpg in Resources */,
				C6A9F240206C6BD40098C202 /* legobatman-wide.jpg in Resources */,
				C6A9F23F206C6BD40098C202 /* deadpool-small.jpg in Resources */,
				C6A9F239206C6BD40098C202 /* madmax-wide.jpg in Resources */,
				C6A9F238206C6BD40098C202 /* madmax-small.jpg in Resources */,
				07780D521E6D860E00BC3630 /* Main.storyboard in Resources */,
				C6A9F234206C6BD40098C202 /* legobatman-small.jpg in Resources */,
			);
			runOnlyForDeploymentPostprocessing = 0;
		};
/* End PBXResourcesBuildPhase section */

/* Begin PBXSourcesBuildPhase section */
		07780D451E6D860E00BC3630 /* Sources */ = {
			isa = PBXSourcesBuildPhase;
			buildActionMask = 2147483647;
			files = (
				C6A9F212206C69470098C202 /* MovieTableViewCell.swift in Sources */,
				ACBDE472206C508500E43222 /* MoviesTableViewController.swift in Sources */,
				07780D4F1E6D860E00BC3630 /* MovieViewController.swift in Sources */,
				07780D4D1E6D860E00BC3630 /* AppDelegate.swift in Sources */,
				ACBDE470206C4EFB00E43222 /* Movie.swift in Sources */,
			);
			runOnlyForDeploymentPostprocessing = 0;
		};
/* End PBXSourcesBuildPhase section */

/* Begin PBXVariantGroup section */
		07780D501E6D860E00BC3630 /* Main.storyboard */ = {
			isa = PBXVariantGroup;
			children = (
				07780D511E6D860E00BC3630 /* Base */,
			);
			name = Main.storyboard;
			sourceTree = "<group>";
		};
		07780D551E6D860E00BC3630 /* LaunchScreen.storyboard */ = {
			isa = PBXVariantGroup;
			children = (
				07780D561E6D860E00BC3630 /* Base */,
			);
			name = LaunchScreen.storyboard;
			sourceTree = "<group>";
		};
/* End PBXVariantGroup section */

/* Begin XCBuildConfiguration section */
		07780D591E6D860E00BC3630 /* Debug */ = {
			isa = XCBuildConfiguration;
			buildSettings = {
				ALWAYS_SEARCH_USER_PATHS = NO;
				CLANG_ANALYZER_NONNULL = YES;
				CLANG_CXX_LANGUAGE_STANDARD = "gnu++0x";
				CLANG_CXX_LIBRARY = "libc++";
				CLANG_ENABLE_MODULES = YES;
				CLANG_ENABLE_OBJC_ARC = YES;
				CLANG_WARN_BOOL_CONVERSION = YES;
				CLANG_WARN_CONSTANT_CONVERSION = YES;
				CLANG_WARN_DIRECT_OBJC_ISA_USAGE = YES_ERROR;
				CLANG_WARN_DOCUMENTATION_COMMENTS = YES;
				CLANG_WARN_EMPTY_BODY = YES;
				CLANG_WARN_ENUM_CONVERSION = YES;
				CLANG_WARN_INFINITE_RECURSION = YES;
				CLANG_WARN_INT_CONVERSION = YES;
				CLANG_WARN_OBJC_ROOT_CLASS = YES_ERROR;
				CLANG_WARN_SUSPICIOUS_MOVE = YES;
				CLANG_WARN_UNREACHABLE_CODE = YES;
				CLANG_WARN__DUPLICATE_METHOD_MATCH = YES;
				"CODE_SIGN_IDENTITY[sdk=iphoneos*]" = "iPhone Developer";
				COPY_PHASE_STRIP = NO;
				DEBUG_INFORMATION_FORMAT = dwarf;
				ENABLE_STRICT_OBJC_MSGSEND = YES;
				ENABLE_TESTABILITY = YES;
				GCC_C_LANGUAGE_STANDARD = gnu99;
				GCC_DYNAMIC_NO_PIC = NO;
				GCC_NO_COMMON_BLOCKS = YES;
				GCC_OPTIMIZATION_LEVEL = 0;
				GCC_PREPROCESSOR_DEFINITIONS = (
					"DEBUG=1",
					"$(inherited)",
				);
				GCC_WARN_64_TO_32_BIT_CONVERSION = YES;
				GCC_WARN_ABOUT_RETURN_TYPE = YES_ERROR;
				GCC_WARN_UNDECLARED_SELECTOR = YES;
				GCC_WARN_UNINITIALIZED_AUTOS = YES_AGGRESSIVE;
				GCC_WARN_UNUSED_FUNCTION = YES;
				GCC_WARN_UNUSED_VARIABLE = YES;
				IPHONEOS_DEPLOYMENT_TARGET = 10.2;
				MTL_ENABLE_DEBUG_INFO = YES;
				ONLY_ACTIVE_ARCH = YES;
				SDKROOT = iphoneos;
				SWIFT_ACTIVE_COMPILATION_CONDITIONS = DEBUG;
				SWIFT_OPTIMIZATION_LEVEL = "-Onone";
			};
			name = Debug;
		};
		07780D5A1E6D860E00BC3630 /* Release */ = {
			isa = XCBuildConfiguration;
			buildSettings = {
				ALWAYS_SEARCH_USER_PATHS = NO;
				CLANG_ANALYZER_NONNULL = YES;
				CLANG_CXX_LANGUAGE_STANDARD = "gnu++0x";
				CLANG_CXX_LIBRARY = "libc++";
				CLANG_ENABLE_MODULES = YES;
				CLANG_ENABLE_OBJC_ARC = YES;
				CLANG_WARN_BOOL_CONVERSION = YES;
				CLANG_WARN_CONSTANT_CONVERSION = YES;
				CLANG_WARN_DIRECT_OBJC_ISA_USAGE = YES_ERROR;
				CLANG_WARN_DOCUMENTATION_COMMENTS = YES;
				CLANG_WARN_EMPTY_BODY = YES;
				CLANG_WARN_ENUM_CONVERSION = YES;
				CLANG_WARN_INFINITE_RECURSION = YES;
				CLANG_WARN_INT_CONVERSION = YES;
				CLANG_WARN_OBJC_ROOT_CLASS = YES_ERROR;
				CLANG_WARN_SUSPICIOUS_MOVE = YES;
				CLANG_WARN_UNREACHABLE_CODE = YES;
				CLANG_WARN__DUPLICATE_METHOD_MATCH = YES;
				"CODE_SIGN_IDENTITY[sdk=iphoneos*]" = "iPhone Developer";
				COPY_PHASE_STRIP = NO;
				DEBUG_INFORMATION_FORMAT = "dwarf-with-dsym";
				ENABLE_NS_ASSERTIONS = NO;
				ENABLE_STRICT_OBJC_MSGSEND = YES;
				GCC_C_LANGUAGE_STANDARD = gnu99;
				GCC_NO_COMMON_BLOCKS = YES;
				GCC_WARN_64_TO_32_BIT_CONVERSION = YES;
				GCC_WARN_ABOUT_RETURN_TYPE = YES_ERROR;
				GCC_WARN_UNDECLARED_SELECTOR = YES;
				GCC_WARN_UNINITIALIZED_AUTOS = YES_AGGRESSIVE;
				GCC_WARN_UNUSED_FUNCTION = YES;
				GCC_WARN_UNUSED_VARIABLE = YES;
				IPHONEOS_DEPLOYMENT_TARGET = 10.2;
				MTL_ENABLE_DEBUG_INFO = NO;
				SDKROOT = iphoneos;
				SWIFT_OPTIMIZATION_LEVEL = "-Owholemodule";
				VALIDATE_PRODUCT = YES;
			};
			name = Release;
		};
		07780D5C1E6D860E00BC3630 /* Debug */ = {
			isa = XCBuildConfiguration;
			buildSettings = {
				ASSETCATALOG_COMPILER_APPICON_NAME = AppIcon;
				DEVELOPMENT_TEAM = 6HT8E7PD9B;
				INFOPLIST_FILE = MoviesLib/Info.plist;
				LD_RUNPATH_SEARCH_PATHS = "$(inherited) @executable_path/Frameworks";
				PRODUCT_BUNDLE_IDENTIFIER = br.com.geekerscorp.MoviesLib;
				PRODUCT_NAME = "$(TARGET_NAME)";
				SWIFT_VERSION = 3.0;
			};
			name = Debug;
		};
		07780D5D1E6D860E00BC3630 /* Release */ = {
			isa = XCBuildConfiguration;
			buildSettings = {
				ASSETCATALOG_COMPILER_APPICON_NAME = AppIcon;
				DEVELOPMENT_TEAM = 6HT8E7PD9B;
				INFOPLIST_FILE = MoviesLib/Info.plist;
				LD_RUNPATH_SEARCH_PATHS = "$(inherited) @executable_path/Frameworks";
				PRODUCT_BUNDLE_IDENTIFIER = br.com.geekerscorp.MoviesLib;
				PRODUCT_NAME = "$(TARGET_NAME)";
				SWIFT_VERSION = 3.0;
			};
			name = Release;
		};
/* End XCBuildConfiguration section */

/* Begin XCConfigurationList section */
		07780D441E6D860E00BC3630 /* Build configuration list for PBXProject "MoviesLib" */ = {
			isa = XCConfigurationList;
			buildConfigurations = (
				07780D591E6D860E00BC3630 /* Debug */,
				07780D5A1E6D860E00BC3630 /* Release */,
			);
			defaultConfigurationIsVisible = 0;
			defaultConfigurationName = Release;
		};
		07780D5B1E6D860E00BC3630 /* Build configuration list for PBXNativeTarget "MoviesLib" */ = {
			isa = XCConfigurationList;
			buildConfigurations = (
				07780D5C1E6D860E00BC3630 /* Debug */,
				07780D5D1E6D860E00BC3630 /* Release */,
			);
			defaultConfigurationIsVisible = 0;
			defaultConfigurationName = Release;
		};
/* End XCConfigurationList section */
	};
	rootObject = 07780D411E6D860E00BC3630 /* Project object */;
}
